# Project.lock v2
root_manifest=corelib_http.bproj
project_name=corelib_http
dependencies:
- name=corelib_foundation;source=path;project=../foundation;manifest=corelib_foundation.bproj;source_root=src;materialized_root=obj/beskid/deps/src/corelib_foundation-7fde5014de510329fae4fe0b31db3fbf
- name=corelib_network;source=path;project=../network;manifest=corelib_network.bproj;source_root=src;materialized_root=obj/beskid/deps/src/corelib_network-28594d1c92541ec585c2f73f465bc062
