# Project.lock v1
root_manifest=/Users/mikserek/Projects/beskid/.worktrees/compiler-f6-native-descriptor-contract/corelib/packages/network/corelib_network.bproj
project_name=corelib_network
dependencies:
- name=corelib_foundation;manifest=/Users/mikserek/Projects/beskid/.worktrees/compiler-f6-native-descriptor-contract/corelib/packages/foundation/corelib_foundation.bproj;project=/Users/mikserek/Projects/beskid/.worktrees/compiler-f6-native-descriptor-contract/corelib/packages/foundation;source_root=/Users/mikserek/Projects/beskid/.worktrees/compiler-f6-native-descriptor-contract/corelib/packages/foundation/src;materialized_root=/Users/mikserek/Projects/beskid/.worktrees/compiler-f6-native-descriptor-contract/corelib/packages/network/obj/beskid/deps/src/corelib_foundation-486859a89cf3cbaa
