# Project.lock v2
root_manifest=corelib_tests.bproj
project_name=corelib_tests
dependencies:
- name=corelib;source=path;project=../..;manifest=corelib.bproj;source_root=.;materialized_root=obj/beskid/deps/src/corelib-496daef0e453c9324f89f9bc3ba64540
- name=corelib_codec;source=path;project=../../../packages/codec;manifest=corelib_codec.bproj;source_root=src;materialized_root=obj/beskid/deps/src/corelib_codec-879569ed1fe97430cb9e1a8b442a1a00
- name=corelib_compiler_sdk;source=path;project=../../../packages/compiler-sdk;manifest=corelib_compiler_sdk.bproj;source_root=src;materialized_root=obj/beskid/deps/src/corelib_compiler_sdk-451a5cc8245017ef3d2ef6cf533f8065
- name=corelib_concurrency;source=path;project=../../../packages/concurrency;manifest=corelib_concurrency.bproj;source_root=src;materialized_root=obj/beskid/deps/src/corelib_concurrency-195c713f940766c585622023dab2c47b
- name=corelib_connect;source=path;project=../../../packages/connect;manifest=corelib_connect.bproj;source_root=src;materialized_root=obj/beskid/deps/src/corelib_connect-c29e11d9c325a1a4951cfa931b5f1312
- name=corelib_console;source=path;project=../../../packages/console;manifest=corelib_console.bproj;source_root=src;materialized_root=obj/beskid/deps/src/corelib_console-147122a067fd1ee81277e2a7a8bbb75e
- name=corelib_crypto;source=path;project=../../../packages/crypto;manifest=corelib_crypto.bproj;source_root=src;materialized_root=obj/beskid/deps/src/corelib_crypto-ed4ff05b0b8bc0d0fcd62de53fdc33de
- name=corelib_foundation;source=path;project=../../../packages/foundation;manifest=corelib_foundation.bproj;source_root=src;materialized_root=obj/beskid/deps/src/corelib_foundation-22631400ca5f2b46ec8fce9c1300a101
- name=corelib_glue;source=path;project=../../../packages/glue;manifest=corelib_glue.bproj;source_root=src;materialized_root=obj/beskid/deps/src/corelib_glue-92cfcd39ae74444cea91f4bd97aa08f8
- name=corelib_http;source=path;project=../../../packages/http;manifest=corelib_http.bproj;source_root=src;materialized_root=obj/beskid/deps/src/corelib_http-3ab56ced7f61af44ec853d5dda111388
- name=corelib_http2;source=path;project=../../../packages/http2;manifest=corelib_http2.bproj;source_root=src;materialized_root=obj/beskid/deps/src/corelib_http2-8fe5166c2dfa3f5d85b6862325839ed2
- name=corelib_http3;source=path;project=../../../packages/http3;manifest=corelib_http3.bproj;source_root=src;materialized_root=obj/beskid/deps/src/corelib_http3-705c7b459448f3cbde6f1804991f2e68
- name=corelib_interop;source=path;project=../../../packages/interop;manifest=corelib_interop.bproj;source_root=src;materialized_root=obj/beskid/deps/src/corelib_interop-c62162d3af7478ec4ab2154a86266308
- name=corelib_network;source=path;project=../../../packages/network;manifest=corelib_network.bproj;source_root=src;materialized_root=obj/beskid/deps/src/corelib_network-9f2ac7f2e60acb7425b2eb74f899ae60
- name=corelib_quic;source=path;project=../../../packages/quic;manifest=corelib_quic.bproj;source_root=src;materialized_root=obj/beskid/deps/src/corelib_quic-effb5a27c68d75ec526887b8382e834f
- name=corelib_runtime;source=path;project=../../../packages/runtime;manifest=corelib_runtime.bproj;source_root=src;materialized_root=obj/beskid/deps/src/corelib_runtime-13ca25d2ba92faf0712156807085cf83
- name=corelib_tls;source=path;project=../../../packages/tls;manifest=corelib_tls.bproj;source_root=src;materialized_root=obj/beskid/deps/src/corelib_tls-3693e84bd6b59aefe20acf14718fe1b1
- name=corelib_uri;source=path;project=../../../packages/uri;manifest=corelib_uri.bproj;source_root=src;materialized_root=obj/beskid/deps/src/corelib_uri-2778b59cd48f5274671820900224d5ad
- name=corelib_web;source=path;project=../../../packages/web;manifest=corelib_web.bproj;source_root=src;materialized_root=obj/beskid/deps/src/corelib_web-ac36bdc4421ab1b8377e43ad38b08b8c
- name=corelib_websocket;source=path;project=../../../packages/websocket;manifest=corelib_websocket.bproj;source_root=src;materialized_root=obj/beskid/deps/src/corelib_websocket-6bcc426827f04a9668a2856b9e1d5e04
- name=corelib_x509;source=path;project=../../../packages/x509;manifest=corelib_x509.bproj;source_root=src;materialized_root=obj/beskid/deps/src/corelib_x509-ee56cb308ce1bf1b845b06716eb05ea1
