# Project.lock v1
root_manifest=/private/tmp/beskid-corelib-agent-text/beskid_corelib/tests/corelib_tests/corelib_tests.bproj
project_name=corelib_tests
dependencies:
- name=corelib;manifest=/private/tmp/beskid-corelib-agent-text/beskid_corelib/corelib.bproj;project=/private/tmp/beskid-corelib-agent-text/beskid_corelib;source_root=/private/tmp/beskid-corelib-agent-text/beskid_corelib/;materialized_root=/private/tmp/beskid-corelib-agent-text/beskid_corelib/tests/corelib_tests/obj/beskid/deps/src/corelib-c8d235309a36144f
- name=corelib_compiler_sdk;manifest=/private/tmp/beskid-corelib-agent-text/packages/compiler-sdk/corelib_compiler_sdk.bproj;project=/private/tmp/beskid-corelib-agent-text/packages/compiler-sdk;source_root=/private/tmp/beskid-corelib-agent-text/packages/compiler-sdk/src;materialized_root=/private/tmp/beskid-corelib-agent-text/beskid_corelib/tests/corelib_tests/obj/beskid/deps/src/corelib_compiler_sdk-5492d7e1f819ca05
- name=corelib_concurrency;manifest=/private/tmp/beskid-corelib-agent-text/packages/concurrency/corelib_concurrency.bproj;project=/private/tmp/beskid-corelib-agent-text/packages/concurrency;source_root=/private/tmp/beskid-corelib-agent-text/packages/concurrency/src;materialized_root=/private/tmp/beskid-corelib-agent-text/beskid_corelib/tests/corelib_tests/obj/beskid/deps/src/corelib_concurrency-8235e9316fc1e7c2
- name=corelib_console;manifest=/private/tmp/beskid-corelib-agent-text/packages/console/corelib_console.bproj;project=/private/tmp/beskid-corelib-agent-text/packages/console;source_root=/private/tmp/beskid-corelib-agent-text/packages/console/src;materialized_root=/private/tmp/beskid-corelib-agent-text/beskid_corelib/tests/corelib_tests/obj/beskid/deps/src/corelib_console-cd4381892ea43546
- name=corelib_foundation;manifest=/private/tmp/beskid-corelib-agent-text/packages/foundation/corelib_foundation.bproj;project=/private/tmp/beskid-corelib-agent-text/packages/foundation;source_root=/private/tmp/beskid-corelib-agent-text/packages/foundation/src;materialized_root=/private/tmp/beskid-corelib-agent-text/beskid_corelib/tests/corelib_tests/obj/beskid/deps/src/corelib_foundation-31320026676b944d
- name=corelib_runtime;manifest=/private/tmp/beskid-corelib-agent-text/packages/runtime/corelib_runtime.bproj;project=/private/tmp/beskid-corelib-agent-text/packages/runtime;source_root=/private/tmp/beskid-corelib-agent-text/packages/runtime/src;materialized_root=/private/tmp/beskid-corelib-agent-text/beskid_corelib/tests/corelib_tests/obj/beskid/deps/src/corelib_runtime-3d1ed69bfb534744
