# Project.lock v2
root_manifest=corelib_tests.bproj
project_name=corelib_tests
dependencies:
- name=corelib;source=path;project=../..;manifest=corelib.bproj;source_root=.;materialized_root=obj/beskid/deps/src/corelib-496daef0e453c9324f89f9bc3ba64540
- name=corelib_compiler_sdk;source=path;project=../../../packages/compiler-sdk;manifest=corelib_compiler_sdk.bproj;source_root=src;materialized_root=obj/beskid/deps/src/corelib_compiler_sdk-451a5cc8245017ef3d2ef6cf533f8065
- name=corelib_concurrency;source=path;project=../../../packages/concurrency;manifest=corelib_concurrency.bproj;source_root=src;materialized_root=obj/beskid/deps/src/corelib_concurrency-195c713f940766c585622023dab2c47b
- name=corelib_console;source=path;project=../../../packages/console;manifest=corelib_console.bproj;source_root=src;materialized_root=obj/beskid/deps/src/corelib_console-147122a067fd1ee81277e2a7a8bbb75e
- name=corelib_foundation;source=path;project=../../../packages/foundation;manifest=corelib_foundation.bproj;source_root=src;materialized_root=obj/beskid/deps/src/corelib_foundation-22631400ca5f2b46ec8fce9c1300a101
- name=corelib_glue;source=path;project=../../../packages/glue;manifest=corelib_glue.bproj;source_root=src;materialized_root=obj/beskid/deps/src/corelib_glue-92cfcd39ae74444cea91f4bd97aa08f8
- name=corelib_http;source=path;project=../../../packages/http;manifest=corelib_http.bproj;source_root=src;materialized_root=obj/beskid/deps/src/corelib_http-3ab56ced7f61af44ec853d5dda111388
- name=corelib_interop;source=path;project=../../../packages/interop;manifest=corelib_interop.bproj;source_root=src;materialized_root=obj/beskid/deps/src/corelib_interop-c62162d3af7478ec4ab2154a86266308
- name=corelib_network;source=path;project=../../../packages/network;manifest=corelib_network.bproj;source_root=src;materialized_root=obj/beskid/deps/src/corelib_network-9f2ac7f2e60acb7425b2eb74f899ae60
- name=corelib_runtime;source=path;project=../../../packages/runtime;manifest=corelib_runtime.bproj;source_root=src;materialized_root=obj/beskid/deps/src/corelib_runtime-13ca25d2ba92faf0712156807085cf83
