# Project.lock v1
root_manifest=/Users/mikserek/Projects/beskid/compiler/corelib/packages/runtime/corelib_runtime.bproj
project_name=corelib_runtime
dependencies:
- name=corelib_foundation;manifest=/Users/mikserek/Projects/beskid/compiler/corelib/packages/foundation/corelib_foundation.bproj;project=/Users/mikserek/Projects/beskid/compiler/corelib/packages/foundation;source_root=/Users/mikserek/Projects/beskid/compiler/corelib/packages/foundation/src;materialized_root=/Users/mikserek/Projects/beskid/compiler/corelib/packages/runtime/obj/beskid/deps/src/corelib_foundation-51342cd5b303c73f
