# Project.lock v2
root_manifest=corelib_concurrency.bproj
project_name=corelib_concurrency
dependencies:
- name=corelib_foundation;source=path;project=../foundation;manifest=corelib_foundation.bproj;source_root=src;materialized_root=obj/beskid/deps/src/corelib_foundation-7fde5014de510329fae4fe0b31db3fbf
