# Project.lock v1
root_manifest=/Users/mikserek/Projects/beskid/compiler/corelib/packages/concurrency/Project.proj
project_name=corelib_concurrency
dependencies:
- name=corelib_foundation;manifest=/Users/mikserek/Projects/beskid/compiler/corelib/packages/foundation/Project.proj;project=/Users/mikserek/Projects/beskid/compiler/corelib/packages/foundation;source_root=/Users/mikserek/Projects/beskid/compiler/corelib/packages/foundation/src;materialized_root=/Users/mikserek/Projects/beskid/compiler/corelib/packages/concurrency/obj/beskid/deps/src/corelib_foundation-d96d7b4402791b7c
