# Project.lock v2
root_manifest=corelib_console.bproj
project_name=corelib_console
dependencies:
- name=corelib_concurrency;source=path;project=../concurrency;manifest=corelib_concurrency.bproj;source_root=src;materialized_root=obj/beskid/deps/src/corelib_concurrency-bb67d9e25ed5f8141411a8917d104e74
- name=corelib_foundation;source=path;project=../foundation;manifest=corelib_foundation.bproj;source_root=src;materialized_root=obj/beskid/deps/src/corelib_foundation-7fde5014de510329fae4fe0b31db3fbf
- name=corelib_runtime;source=path;project=../runtime;manifest=corelib_runtime.bproj;source_root=src;materialized_root=obj/beskid/deps/src/corelib_runtime-fd3c81c4d5d28764ebe0f6627378228f
