# Project.lock v1
root_manifest=/private/tmp/beskid-corelib-agent-text/packages/foundation/corelib_foundation.bproj
project_name=corelib_foundation
dependencies:
- name=Std;manifest=/Users/mikserek/Projects/beskid/compiler/corelib/beskid_corelib/corelib.bproj;project=/Users/mikserek/Projects/beskid/compiler/corelib/beskid_corelib;source_root=/Users/mikserek/Projects/beskid/compiler/corelib/beskid_corelib/;materialized_root=/private/tmp/beskid-corelib-agent-text/packages/foundation/obj/beskid/deps/src/corelib-8000226ca292ecfd
- name=corelib_compiler_sdk;manifest=/Users/mikserek/Projects/beskid/compiler/corelib/packages/compiler-sdk/corelib_compiler_sdk.bproj;project=/Users/mikserek/Projects/beskid/compiler/corelib/packages/compiler-sdk;source_root=/Users/mikserek/Projects/beskid/compiler/corelib/packages/compiler-sdk/src;materialized_root=/private/tmp/beskid-corelib-agent-text/packages/foundation/obj/beskid/deps/src/corelib_compiler_sdk-1760f4f43177fccd
- name=corelib_concurrency;manifest=/Users/mikserek/Projects/beskid/compiler/corelib/packages/concurrency/corelib_concurrency.bproj;project=/Users/mikserek/Projects/beskid/compiler/corelib/packages/concurrency;source_root=/Users/mikserek/Projects/beskid/compiler/corelib/packages/concurrency/src;materialized_root=/private/tmp/beskid-corelib-agent-text/packages/foundation/obj/beskid/deps/src/corelib_concurrency-a0120fdf3e3ebd3a
- name=corelib_console;manifest=/Users/mikserek/Projects/beskid/compiler/corelib/packages/console/corelib_console.bproj;project=/Users/mikserek/Projects/beskid/compiler/corelib/packages/console;source_root=/Users/mikserek/Projects/beskid/compiler/corelib/packages/console/src;materialized_root=/private/tmp/beskid-corelib-agent-text/packages/foundation/obj/beskid/deps/src/corelib_console-7edc1532e8c63a07
- name=corelib_foundation;manifest=/Users/mikserek/Projects/beskid/compiler/corelib/packages/foundation/corelib_foundation.bproj;project=/Users/mikserek/Projects/beskid/compiler/corelib/packages/foundation;source_root=/Users/mikserek/Projects/beskid/compiler/corelib/packages/foundation/src;materialized_root=/private/tmp/beskid-corelib-agent-text/packages/foundation/obj/beskid/deps/src/corelib_foundation-51342cd5b303c73f
- name=corelib_runtime;manifest=/Users/mikserek/Projects/beskid/compiler/corelib/packages/runtime/corelib_runtime.bproj;project=/Users/mikserek/Projects/beskid/compiler/corelib/packages/runtime;source_root=/Users/mikserek/Projects/beskid/compiler/corelib/packages/runtime/src;materialized_root=/private/tmp/beskid-corelib-agent-text/packages/foundation/obj/beskid/deps/src/corelib_runtime-c491a3642c17d877
