# Project.lock v2
root_manifest=corelib.bproj
project_name=corelib
dependencies:
- name=corelib_bsol;source=path;project=../packages/bsol;manifest=corelib_bsol.bproj;source_root=src;materialized_root=obj/beskid/deps/src/corelib_bsol-a8592e78ce6e8bea2a23e62e6f8f0a01
- name=corelib_compiler_sdk;source=path;project=../packages/compiler-sdk;manifest=corelib_compiler_sdk.bproj;source_root=src;materialized_root=obj/beskid/deps/src/corelib_compiler_sdk-f20fa143a5688b9764fac844cf0a6e68
- name=corelib_concurrency;source=path;project=../packages/concurrency;manifest=corelib_concurrency.bproj;source_root=src;materialized_root=obj/beskid/deps/src/corelib_concurrency-2b87d81188551e0a04bcca92c59776c7
- name=corelib_console;source=path;project=../packages/console;manifest=corelib_console.bproj;source_root=src;materialized_root=obj/beskid/deps/src/corelib_console-ae4b53b4fe46190a9fdb9980752c92e8
- name=corelib_foundation;source=path;project=../packages/foundation;manifest=corelib_foundation.bproj;source_root=src;materialized_root=obj/beskid/deps/src/corelib_foundation-2a2ec03dee2546591b216d8e3846329a
- name=corelib_glue;source=path;project=../packages/glue;manifest=corelib_glue.bproj;source_root=src;materialized_root=obj/beskid/deps/src/corelib_glue-c8f842665c92037b6ab10d2049150ecd
- name=corelib_http;source=path;project=../packages/http;manifest=corelib_http.bproj;source_root=src;materialized_root=obj/beskid/deps/src/corelib_http-cde2387feadbf306c841b63cb499bbf9
- name=corelib_interop;source=path;project=../packages/interop;manifest=corelib_interop.bproj;source_root=src;materialized_root=obj/beskid/deps/src/corelib_interop-eaf2cfa6cb8c0161abbb2c30a1f3ec0a
- name=corelib_network;source=path;project=../packages/network;manifest=corelib_network.bproj;source_root=src;materialized_root=obj/beskid/deps/src/corelib_network-be849e966a24c395b5fb1beadeea94e8
- name=corelib_runtime;source=path;project=../packages/runtime;manifest=corelib_runtime.bproj;source_root=src;materialized_root=obj/beskid/deps/src/corelib_runtime-3666f1863a8c641dd156c669ef7995db
- name=corelib_serialization;source=path;project=../packages/serialization;manifest=corelib_serialization.bproj;source_root=src;materialized_root=obj/beskid/deps/src/corelib_serialization-933d8e4937ec31682e2c3a2156626fcd
- name=serialization_mod;source=path;project=../mods/serialization_mod;manifest=serialization_mod.bproj;source_root=Src;materialized_root=obj/beskid/deps/src/serialization_mod-6ef0b564ef2199e5ca3fbdc8a8160453
