# Project.lock v1
root_manifest=/Users/mikserek/Projects/beskid/compiler/corelib/beskid_corelib/Project.proj
project_name=corelib
dependencies:
- name=corelib_compiler_sdk;manifest=/Users/mikserek/Projects/beskid/compiler/corelib/packages/compiler-sdk/Project.proj;project=/Users/mikserek/Projects/beskid/compiler/corelib/packages/compiler-sdk;source_root=/Users/mikserek/Projects/beskid/compiler/corelib/packages/compiler-sdk/src;materialized_root=/Users/mikserek/Projects/beskid/compiler/corelib/beskid_corelib/obj/beskid/deps/src/corelib_compiler_sdk-72c134c020f61112
- name=corelib_foundation;manifest=/Users/mikserek/Projects/beskid/compiler/corelib/packages/foundation/Project.proj;project=/Users/mikserek/Projects/beskid/compiler/corelib/packages/foundation;source_root=/Users/mikserek/Projects/beskid/compiler/corelib/packages/foundation/src;materialized_root=/Users/mikserek/Projects/beskid/compiler/corelib/beskid_corelib/obj/beskid/deps/src/corelib_foundation-d96d7b4402791b7c
- name=corelib_runtime;manifest=/Users/mikserek/Projects/beskid/compiler/corelib/packages/runtime/Project.proj;project=/Users/mikserek/Projects/beskid/compiler/corelib/packages/runtime;source_root=/Users/mikserek/Projects/beskid/compiler/corelib/packages/runtime/src;materialized_root=/Users/mikserek/Projects/beskid/compiler/corelib/beskid_corelib/obj/beskid/deps/src/corelib_runtime-5a475780b6398ef5
