# Project.lock v1
root_manifest=/Users/mikserek/Projects/beskid/.worktrees/compiler-f6-native-descriptor-contract/corelib/beskid_corelib/corelib.bproj
project_name=corelib
dependencies:
- name=corelib_compiler_sdk;manifest=/Users/mikserek/Projects/beskid/.worktrees/compiler-f6-native-descriptor-contract/corelib/packages/compiler-sdk/corelib_compiler_sdk.bproj;project=/Users/mikserek/Projects/beskid/.worktrees/compiler-f6-native-descriptor-contract/corelib/packages/compiler-sdk;source_root=/Users/mikserek/Projects/beskid/.worktrees/compiler-f6-native-descriptor-contract/corelib/packages/compiler-sdk/src;materialized_root=obj/beskid/deps/src/corelib_compiler_sdk-229b93d4ffdb8d79
- name=corelib_concurrency;manifest=/Users/mikserek/Projects/beskid/.worktrees/compiler-f6-native-descriptor-contract/corelib/packages/concurrency/corelib_concurrency.bproj;project=/Users/mikserek/Projects/beskid/.worktrees/compiler-f6-native-descriptor-contract/corelib/packages/concurrency;source_root=/Users/mikserek/Projects/beskid/.worktrees/compiler-f6-native-descriptor-contract/corelib/packages/concurrency/src;materialized_root=obj/beskid/deps/src/corelib_concurrency-a975ee2e578e0225
- name=corelib_console;manifest=/Users/mikserek/Projects/beskid/.worktrees/compiler-f6-native-descriptor-contract/corelib/packages/console/corelib_console.bproj;project=/Users/mikserek/Projects/beskid/.worktrees/compiler-f6-native-descriptor-contract/corelib/packages/console;source_root=/Users/mikserek/Projects/beskid/.worktrees/compiler-f6-native-descriptor-contract/corelib/packages/console/src;materialized_root=obj/beskid/deps/src/corelib_console-b64cf37d659e8f8c
- name=corelib_foundation;manifest=/Users/mikserek/Projects/beskid/.worktrees/compiler-f6-native-descriptor-contract/corelib/packages/foundation/corelib_foundation.bproj;project=/Users/mikserek/Projects/beskid/.worktrees/compiler-f6-native-descriptor-contract/corelib/packages/foundation;source_root=/Users/mikserek/Projects/beskid/.worktrees/compiler-f6-native-descriptor-contract/corelib/packages/foundation/src;materialized_root=obj/beskid/deps/src/corelib_foundation-486859a89cf3cbaa
- name=corelib_glue;manifest=/Users/mikserek/Projects/beskid/.worktrees/compiler-f6-native-descriptor-contract/corelib/packages/glue/corelib_glue.bproj;project=/Users/mikserek/Projects/beskid/.worktrees/compiler-f6-native-descriptor-contract/corelib/packages/glue;source_root=/Users/mikserek/Projects/beskid/.worktrees/compiler-f6-native-descriptor-contract/corelib/packages/glue/src;materialized_root=obj/beskid/deps/src/corelib_glue-7fcbd62137581644
- name=corelib_http;manifest=/Users/mikserek/Projects/beskid/.worktrees/compiler-f6-native-descriptor-contract/corelib/packages/http/corelib_http.bproj;project=/Users/mikserek/Projects/beskid/.worktrees/compiler-f6-native-descriptor-contract/corelib/packages/http;source_root=/Users/mikserek/Projects/beskid/.worktrees/compiler-f6-native-descriptor-contract/corelib/packages/http/src;materialized_root=obj/beskid/deps/src/corelib_http-47415d856cfe3f28
- name=corelib_interop;manifest=/Users/mikserek/Projects/beskid/.worktrees/compiler-f6-native-descriptor-contract/corelib/packages/interop/corelib_interop.bproj;project=/Users/mikserek/Projects/beskid/.worktrees/compiler-f6-native-descriptor-contract/corelib/packages/interop;source_root=/Users/mikserek/Projects/beskid/.worktrees/compiler-f6-native-descriptor-contract/corelib/packages/interop/src;materialized_root=obj/beskid/deps/src/corelib_interop-1da0f2fba3c2e8b5
- name=corelib_network;manifest=/Users/mikserek/Projects/beskid/.worktrees/compiler-f6-native-descriptor-contract/corelib/packages/network/corelib_network.bproj;project=/Users/mikserek/Projects/beskid/.worktrees/compiler-f6-native-descriptor-contract/corelib/packages/network;source_root=/Users/mikserek/Projects/beskid/.worktrees/compiler-f6-native-descriptor-contract/corelib/packages/network/src;materialized_root=obj/beskid/deps/src/corelib_network-a45ebee933f9f8f8
- name=corelib_runtime;manifest=/Users/mikserek/Projects/beskid/.worktrees/compiler-f6-native-descriptor-contract/corelib/packages/runtime/corelib_runtime.bproj;project=/Users/mikserek/Projects/beskid/.worktrees/compiler-f6-native-descriptor-contract/corelib/packages/runtime;source_root=/Users/mikserek/Projects/beskid/.worktrees/compiler-f6-native-descriptor-contract/corelib/packages/runtime/src;materialized_root=obj/beskid/deps/src/corelib_runtime-ac56911d2fb9e721
