# Project.lock v2
root_manifest=network_rejections.bproj
project_name=network_rejections
dependencies:
- name=corelib_foundation;source=path;project=../../../foundation;manifest=corelib_foundation.bproj;source_root=src;materialized_root=obj/beskid/deps/src/corelib_foundation-9f6e0fdbf3c8f8595c40e2468f5313ee
- name=corelib_network;source=path;project=../..;manifest=corelib_network.bproj;source_root=src;materialized_root=obj/beskid/deps/src/corelib_network-f07d776bc91413dcc09620e89128d8dd
